
Microsoft Visual Studio Solution File, Format Version 12.00
# Visual Studio 2012
Project("{8BC9CEB8-8B4A-11D0-8D11-00A0C91BC942}") = "AbstractFactory", "AbstractFactory\AbstractFactory.vcxproj", "{0ADCA002-8049-46B2-95BD-6B888D678A04}"
EndProject
Project("{8BC9CEB8-8B4A-11D0-8D11-00A0C91BC942}") = "Strategy", "Strategy\Strategy.vcxproj", "{0939E908-42E0-4FC2-93FE-AB961419790A}"
EndProject
Project("{8BC9CEB8-8B4A-11D0-8D11-00A0C91BC942}") = "Observer", "Observer\Observer.vcxproj", "{BC784B0B-ADD4-4EB9-AE98-37ED04FFBF69}"
EndProject
Project("{8BC9CEB8-8B4A-11D0-8D11-00A0C91BC942}") = "Decorator", "Decorator\Decorator.vcxproj", "{4B78BF90-6B7C-4E8A-82DF-DFBE7EED85D6}"
EndProject
Project("{8BC9CEB8-8B4A-11D0-8D11-00A0C91BC942}") = "FactoryMethod", "FactoryMethod\FactoryMethod.vcxproj", "{AEFE4630-9F53-4168-8F93-F399B27FA3D4}"
EndProject
Project("{8BC9CEB8-8B4A-11D0-8D11-00A0C91BC942}") = "Singleton", "Singleton\Singleton.vcxproj", "{1B80F086-C0A4-4876-AB5C-9760AB1C5405}"
EndProject
Project("{8BC9CEB8-8B4A-11D0-8D11-00A0C91BC942}") = "Command", "Command\Command.vcxproj", "{218A484C-6258-4C96-91F9-F0153AD99FAA}"
EndProject
Project("{8BC9CEB8-8B4A-11D0-8D11-00A0C91BC942}") = "Adapter", "Adapter\Adapter.vcxproj", "{0B3F3174-D279-4706-B76A-FD54BBD24D35}"
EndProject
Project("{8BC9CEB8-8B4A-11D0-8D11-00A0C91BC942}") = "TemplateMethod", "TemplateMethod\TemplateMethod.vcxproj", "{022BE193-296F-4344-A450-B903279DA04A}"
EndProject
Project("{8BC9CEB8-8B4A-11D0-8D11-00A0C91BC942}") = "Facade", "Facade\Facade.vcxproj", "{EB3944E8-8109-4E67-8D45-35BC10EBD14B}"
EndProject
Project("{8BC9CEB8-8B4A-11D0-8D11-00A0C91BC942}") = "Iterator", "Iterator\Iterator.vcxproj", "{1470C624-48EE-4A85-B527-AF58D8C79AD3}"
EndProject
Project("{8BC9CEB8-8B4A-11D0-8D11-00A0C91BC942}") = "Composite", "Composite\Composite.vcxproj", "{E500AD0B-7BC9-4C1B-9550-927521B6C685}"
EndProject
Project("{8BC9CEB8-8B4A-11D0-8D11-00A0C91BC942}") = "State", "State\State.vcxproj", "{A4E1CA44-6AFC-482C-B7E2-352B96D632D3}"
EndProject
Project("{8BC9CEB8-8B4A-11D0-8D11-00A0C91BC942}") = "Proxy", "Proxy\Proxy.vcxproj", "{66762085-3640-49D3-AC1A-52E213825488}"
EndProject
Project("{8BC9CEB8-8B4A-11D0-8D11-00A0C91BC942}") = "Compound", "Compound\Compound.vcxproj", "{20B24547-B19E-4B40-A472-4B52FF0D1632}"
EndProject
Global
	GlobalSection(SolutionConfigurationPlatforms) = preSolution
		Debug|Win32 = Debug|Win32
		Release|Win32 = Release|Win32
	EndGlobalSection
	GlobalSection(ProjectConfigurationPlatforms) = postSolution
		{0ADCA002-8049-46B2-95BD-6B888D678A04}.Debug|Win32.ActiveCfg = Debug|Win32
		{0ADCA002-8049-46B2-95BD-6B888D678A04}.Debug|Win32.Build.0 = Debug|Win32
		{0ADCA002-8049-46B2-95BD-6B888D678A04}.Release|Win32.ActiveCfg = Release|Win32
		{0ADCA002-8049-46B2-95BD-6B888D678A04}.Release|Win32.Build.0 = Release|Win32
		{0939E908-42E0-4FC2-93FE-AB961419790A}.Debug|Win32.ActiveCfg = Debug|Win32
		{0939E908-42E0-4FC2-93FE-AB961419790A}.Debug|Win32.Build.0 = Debug|Win32
		{0939E908-42E0-4FC2-93FE-AB961419790A}.Release|Win32.ActiveCfg = Release|Win32
		{0939E908-42E0-4FC2-93FE-AB961419790A}.Release|Win32.Build.0 = Release|Win32
		{BC784B0B-ADD4-4EB9-AE98-37ED04FFBF69}.Debug|Win32.ActiveCfg = Debug|Win32
		{BC784B0B-ADD4-4EB9-AE98-37ED04FFBF69}.Debug|Win32.Build.0 = Debug|Win32
		{BC784B0B-ADD4-4EB9-AE98-37ED04FFBF69}.Release|Win32.ActiveCfg = Release|Win32
		{BC784B0B-ADD4-4EB9-AE98-37ED04FFBF69}.Release|Win32.Build.0 = Release|Win32
		{4B78BF90-6B7C-4E8A-82DF-DFBE7EED85D6}.Debug|Win32.ActiveCfg = Debug|Win32
		{4B78BF90-6B7C-4E8A-82DF-DFBE7EED85D6}.Debug|Win32.Build.0 = Debug|Win32
		{4B78BF90-6B7C-4E8A-82DF-DFBE7EED85D6}.Release|Win32.ActiveCfg = Release|Win32
		{4B78BF90-6B7C-4E8A-82DF-DFBE7EED85D6}.Release|Win32.Build.0 = Release|Win32
		{AEFE4630-9F53-4168-8F93-F399B27FA3D4}.Debug|Win32.ActiveCfg = Debug|Win32
		{AEFE4630-9F53-4168-8F93-F399B27FA3D4}.Debug|Win32.Build.0 = Debug|Win32
		{AEFE4630-9F53-4168-8F93-F399B27FA3D4}.Release|Win32.ActiveCfg = Release|Win32
		{AEFE4630-9F53-4168-8F93-F399B27FA3D4}.Release|Win32.Build.0 = Release|Win32
		{1B80F086-C0A4-4876-AB5C-9760AB1C5405}.Debug|Win32.ActiveCfg = Debug|Win32
		{1B80F086-C0A4-4876-AB5C-9760AB1C5405}.Debug|Win32.Build.0 = Debug|Win32
		{1B80F086-C0A4-4876-AB5C-9760AB1C5405}.Release|Win32.ActiveCfg = Release|Win32
		{1B80F086-C0A4-4876-AB5C-9760AB1C5405}.Release|Win32.Build.0 = Release|Win32
		{218A484C-6258-4C96-91F9-F0153AD99FAA}.Debug|Win32.ActiveCfg = Debug|Win32
		{218A484C-6258-4C96-91F9-F0153AD99FAA}.Debug|Win32.Build.0 = Debug|Win32
		{218A484C-6258-4C96-91F9-F0153AD99FAA}.Release|Win32.ActiveCfg = Release|Win32
		{218A484C-6258-4C96-91F9-F0153AD99FAA}.Release|Win32.Build.0 = Release|Win32
		{0B3F3174-D279-4706-B76A-FD54BBD24D35}.Debug|Win32.ActiveCfg = Debug|Win32
		{0B3F3174-D279-4706-B76A-FD54BBD24D35}.Debug|Win32.Build.0 = Debug|Win32
		{0B3F3174-D279-4706-B76A-FD54BBD24D35}.Release|Win32.ActiveCfg = Release|Win32
		{0B3F3174-D279-4706-B76A-FD54BBD24D35}.Release|Win32.Build.0 = Release|Win32
		{022BE193-296F-4344-A450-B903279DA04A}.Debug|Win32.ActiveCfg = Debug|Win32
		{022BE193-296F-4344-A450-B903279DA04A}.Debug|Win32.Build.0 = Debug|Win32
		{022BE193-296F-4344-A450-B903279DA04A}.Release|Win32.ActiveCfg = Release|Win32
		{022BE193-296F-4344-A450-B903279DA04A}.Release|Win32.Build.0 = Release|Win32
		{EB3944E8-8109-4E67-8D45-35BC10EBD14B}.Debug|Win32.ActiveCfg = Debug|Win32
		{EB3944E8-8109-4E67-8D45-35BC10EBD14B}.Debug|Win32.Build.0 = Debug|Win32
		{EB3944E8-8109-4E67-8D45-35BC10EBD14B}.Release|Win32.ActiveCfg = Release|Win32
		{EB3944E8-8109-4E67-8D45-35BC10EBD14B}.Release|Win32.Build.0 = Release|Win32
		{1470C624-48EE-4A85-B527-AF58D8C79AD3}.Debug|Win32.ActiveCfg = Debug|Win32
		{1470C624-48EE-4A85-B527-AF58D8C79AD3}.Debug|Win32.Build.0 = Debug|Win32
		{1470C624-48EE-4A85-B527-AF58D8C79AD3}.Release|Win32.ActiveCfg = Release|Win32
		{1470C624-48EE-4A85-B527-AF58D8C79AD3}.Release|Win32.Build.0 = Release|Win32
		{E500AD0B-7BC9-4C1B-9550-927521B6C685}.Debug|Win32.ActiveCfg = Debug|Win32
		{E500AD0B-7BC9-4C1B-9550-927521B6C685}.Debug|Win32.Build.0 = Debug|Win32
		{E500AD0B-7BC9-4C1B-9550-927521B6C685}.Release|Win32.ActiveCfg = Release|Win32
		{E500AD0B-7BC9-4C1B-9550-927521B6C685}.Release|Win32.Build.0 = Release|Win32
		{A4E1CA44-6AFC-482C-B7E2-352B96D632D3}.Debug|Win32.ActiveCfg = Debug|Win32
		{A4E1CA44-6AFC-482C-B7E2-352B96D632D3}.Debug|Win32.Build.0 = Debug|Win32
		{A4E1CA44-6AFC-482C-B7E2-352B96D632D3}.Release|Win32.ActiveCfg = Release|Win32
		{A4E1CA44-6AFC-482C-B7E2-352B96D632D3}.Release|Win32.Build.0 = Release|Win32
		{66762085-3640-49D3-AC1A-52E213825488}.Debug|Win32.ActiveCfg = Debug|Win32
		{66762085-3640-49D3-AC1A-52E213825488}.Debug|Win32.Build.0 = Debug|Win32
		{66762085-3640-49D3-AC1A-52E213825488}.Release|Win32.ActiveCfg = Release|Win32
		{66762085-3640-49D3-AC1A-52E213825488}.Release|Win32.Build.0 = Release|Win32
		{20B24547-B19E-4B40-A472-4B52FF0D1632}.Debug|Win32.ActiveCfg = Debug|Win32
		{20B24547-B19E-4B40-A472-4B52FF0D1632}.Debug|Win32.Build.0 = Debug|Win32
		{20B24547-B19E-4B40-A472-4B52FF0D1632}.Release|Win32.ActiveCfg = Release|Win32
		{20B24547-B19E-4B40-A472-4B52FF0D1632}.Release|Win32.Build.0 = Release|Win32
	EndGlobalSection
	GlobalSection(SolutionProperties) = preSolution
		HideSolutionNode = FALSE
	EndGlobalSection
EndGlobal
